// !$*UTF8*$!
{
	archiveVersion = 1;
	classes = {
	};
	objectVersion = 55;
	objects = {

/* Begin PBXBuildFile section */
		C19A04AB27E0E05000426476 /* Memorize_AssignmentApp.swift in Sources */ = {isa = PBXBuildFile; fileRef = C19A04AA27E0E05000426476 /* Memorize_AssignmentApp.swift */; };
		C19A04AD27E0E05000426476 /* ContentView.swift in Sources */ = {isa = PBXBuildFile; fileRef = C19A04AC27E0E05000426476 /* ContentView.swift */; };
		C19A04AF27E0E05300426476 /* Assets.xcassets in Resources */ = {isa = PBXBuildFile; fileRef = C19A04AE27E0E05300426476 /* Assets.xcassets */; };
		C19A04B227E0E05300426476 /* Preview Assets.xcassets in Resources */ = {isa = PBXBuildFile; fileRef = C19A04B127E0E05300426476 /* Preview Assets.xcassets */; };
		C19A04BC27E0E05400426476 /* Memorize_AssignmentTests.swift in Sources */ = {isa = PBXBuildFile; fileRef = C19A04BB27E0E05400426476 /* Memorize_AssignmentTests.swift */; };
		C19A04C627E0E05400426476 /* Memorize_AssignmentUITests.swift in Sources */ = {isa = PBXBuildFile; fileRef = C19A04C527E0E05400426476 /* Memorize_AssignmentUITests.swift */; };
		C19A04C827E0E05400426476 /* Memorize_AssignmentUITestsLaunchTests.swift in Sources */ = {isa = PBXBuildFile; fileRef = C19A04C727E0E05400426476 /* Memorize_AssignmentUITestsLaunchTests.swift */; };
/* End PBXBuildFile section */

/* Begin PBXContainerItemProxy section */
		C19A04B827E0E05400426476 /* PBXContainerItemProxy */ = {
			isa = PBXContainerItemProxy;
			containerPortal = C19A049F27E0E05000426476 /* Project object */;
			proxyType = 1;
			remoteGlobalIDString = C19A04A627E0E05000426476;
			remoteInfo = "Memorize-Assignment";
		};
		C19A04C227E0E05400426476 /* PBXContainerItemProxy */ = {
			isa = PBXContainerItemProxy;
			containerPortal = C19A049F27E0E05000426476 /* Project object */;
			proxyType = 1;
			remoteGlobalIDString = C19A04A627E0E05000426476;
			remoteInfo = "Memorize-Assignment";
		};
/* End PBXContainerItemProxy section */

/* Begin PBXFileReference section */
		C19A04A727E0E05000426476 /* Memorize-Assignment.app */ = {isa = PBXFileReference; explicitFileType = wrapper.application; includeInIndex = 0; path = "Memorize-Assignment.app"; sourceTree = BUILT_PRODUCTS_DIR; };
		C19A04AA27E0E05000426476 /* Memorize_AssignmentApp.swift */ = {isa = PBXFileReference; lastKnownFileType = sourcecode.swift; path = Memorize_AssignmentApp.swift; sourceTree = "<group>"; };
		C19A04AC27E0E05000426476 /* ContentView.swift */ = {isa = PBXFileReference; lastKnownFileType = sourcecode.swift; path = ContentView.swift; sourceTree = "<group>"; };
		C19A04AE27E0E05300426476 /* Assets.xcassets */ = {isa = PBXFileReference; lastKnownFileType = folder.assetcatalog; path = Assets.xcassets; sourceTree = "<group>"; };
		C19A04B127E0E05300426476 /* Preview Assets.xcassets */ = {isa = PBXFileReference; lastKnownFileType = folder.assetcatalog; path = "Preview Assets.xcassets"; sourceTree = "<group>"; };
		C19A04B727E0E05400426476 /* Memorize-AssignmentTests.xctest */ = {isa = PBXFileReference; explicitFileType = wrapper.cfbundle; includeInIndex = 0; path = "Memorize-AssignmentTests.xctest"; sourceTree = BUILT_PRODUCTS_DIR; };
		C19A04BB27E0E05400426476 /* Memorize_AssignmentTests.swift */ = {isa = PBXFileReference; lastKnownFileType = sourcecode.swift; path = Memorize_AssignmentTests.swift; sourceTree = "<group>"; };
		C19A04C127E0E05400426476 /* Memorize-AssignmentUITests.xctest */ = {isa = PBXFileReference; explicitFileType = wrapper.cfbundle; includeInIndex = 0; path = "Memorize-AssignmentUITests.xctest"; sourceTree = BUILT_PRODUCTS_DIR; };
		C19A04C527E0E05400426476 /* Memorize_AssignmentUITests.swift */ = {isa = PBXFileReference; lastKnownFileType = sourcecode.swift; path = Memorize_AssignmentUITests.swift; sourceTree = "<group>"; };
		C19A04C727E0E05400426476 /* Memorize_AssignmentUITestsLaunchTests.swift */ = {isa = PBXFileReference; lastKnownFileType = sourcecode.swift; path = Memorize_AssignmentUITestsLaunchTests.swift; sourceTree = "<group>"; };
/* End PBXFileReference section */

/* Begin PBXFrameworksBuildPhase section */
		C19A04A427E0E05000426476 /* Frameworks */ = {
			isa = PBXFrameworksBuildPhase;
			buildActionMask = 2147483647;
			files = (
			);
			runOnlyForDeploymentPostprocessing = 0;
		};
		C19A04B427E0E05400426476 /* Frameworks */ = {
			isa = PBXFrameworksBuildPhase;
			buildActionMask = 2147483647;
			files = (
			);
			runOnlyForDeploymentPostprocessing = 0;
		};
		C19A04BE27E0E05400426476 /* Frameworks */ = {
			isa = PBXFrameworksBuildPhase;
			buildActionMask = 2147483647;
			files = (
			);
			runOnlyForDeploymentPostprocessing = 0;
		};
/* End PBXFrameworksBuildPhase section */

/* Begin PBXGroup section */
		C19A049E27E0E05000426476 = {
			isa = PBXGroup;
			children = (
				C19A04A927E0E05000426476 /* Memorize-Assignment */,
				C19A04BA27E0E05400426476 /* Memorize-AssignmentTests */,
				C19A04C427E0E05400426476 /* Memorize-AssignmentUITests */,
				C19A04A827E0E05000426476 /* Products */,
			);
			sourceTree = "<group>";
		};
		C19A04A827E0E05000426476 /* Products */ = {
			isa = PBXGroup;
			children = (
				C19A04A727E0E05000426476 /* Memorize-Assignment.app */,
				C19A04B727E0E05400426476 /* Memorize-AssignmentTests.xctest */,
				C19A04C127E0E05400426476 /* Memorize-AssignmentUITests.xctest */,
			);
			name = Products;
			sourceTree = "<group>";
		};
		C19A04A927E0E05000426476 /* Memorize-Assignment */ = {
			isa = PBXGroup;
			children = (
				C19A04AA27E0E05000426476 /* Memorize_AssignmentApp.swift */,
				C19A04AC27E0E05000426476 /* ContentView.swift */,
				C19A04AE27E0E05300426476 /* Assets.xcassets */,
				C19A04B027E0E05300426476 /* Preview Content */,
			);
			path = "Memorize-Assignment";
			sourceTree = "<group>";
		};
		C19A04B027E0E05300426476 /* Preview Content */ = {
			isa = PBXGroup;
			children = (
				C19A04B127E0E05300426476 /* Preview Assets.xcassets */,
			);
			path = "Preview Content";
			sourceTree = "<group>";
		};
		C19A04BA27E0E05400426476 /* Memorize-AssignmentTests */ = {
			isa = PBXGroup;
			children = (
				C19A04BB27E0E05400426476 /* Memorize_AssignmentTests.swift */,
			);
			path = "Memorize-AssignmentTests";
			sourceTree = "<group>";
		};
		C19A04C427E0E05400426476 /* Memorize-AssignmentUITests */ = {
			isa = PBXGroup;
			children = (
				C19A04C527E0E05400426476 /* Memorize_AssignmentUITests.swift */,
				C19A04C727E0E05400426476 /* Memorize_AssignmentUITestsLaunchTests.swift */,
			);
			path = "Memorize-AssignmentUITests";
			sourceTree = "<group>";
		};
/* End PBXGroup section */

/* Begin PBXNativeTarget section */
		C19A04A627E0E05000426476 /* Memorize-Assignment */ = {
			isa = PBXNativeTarget;
			buildConfigurationList = C19A04CB27E0E05400426476 /* Build configuration list for PBXNativeTarget "Memorize-Assignment" */;
			buildPhases = (
				C19A04A327E0E05000426476 /* Sources */,
				C19A04A427E0E05000426476 /* Frameworks */,
				C19A04A527E0E05000426476 /* Resources */,
			);
			buildRules = (
			);
			dependencies = (
			);
			name = "Memorize-Assignment";
			productName = "Memorize-Assignment";
			productReference = C19A04A727E0E05000426476 /* Memorize-Assignment.app */;
			productType = "com.apple.product-type.application";
		};
		C19A04B627E0E05400426476 /* Memorize-AssignmentTests */ = {
			isa = PBXNativeTarget;
			buildConfigurationList = C19A04CE27E0E05400426476 /* Build configuration list for PBXNativeTarget "Memorize-AssignmentTests" */;
			buildPhases = (
				C19A04B327E0E05400426476 /* Sources */,
				C19A04B427E0E05400426476 /* Frameworks */,
				C19A04B527E0E05400426476 /* Resources */,
			);
			buildRules = (
			);
			dependencies = (
				C19A04B927E0E05400426476 /* PBXTargetDependency */,
			);
			name = "Memorize-AssignmentTests";
			productName = "Memorize-AssignmentTests";
			productReference = C19A04B727E0E05400426476 /* Memorize-AssignmentTests.xctest */;
			productType = "com.apple.product-type.bundle.unit-test";
		};
		C19A04C027E0E05400426476 /* Memorize-AssignmentUITests */ = {
			isa = PBXNativeTarget;
			buildConfigurationList = C19A04D127E0E05400426476 /* Build configuration list for PBXNativeTarget "Memorize-AssignmentUITests" */;
			buildPhases = (
				C19A04BD27E0E05400426476 /* Sources */,
				C19A04BE27E0E05400426476 /* Frameworks */,
				C19A04BF27E0E05400426476 /* Resources */,
			);
			buildRules = (
			);
			dependencies = (
				C19A04C327E0E05400426476 /* PBXTargetDependency */,
			);
			name = "Memorize-AssignmentUITests";
			productName = "Memorize-AssignmentUITests";
			productReference = C19A04C127E0E05400426476 /* Memorize-AssignmentUITests.xctest */;
			productType = "com.apple.product-type.bundle.ui-testing";
		};
/* End PBXNativeTarget section */

/* Begin PBXProject section */
		C19A049F27E0E05000426476 /* Project object */ = {
			isa = PBXProject;
			attributes = {
				BuildIndependentTargetsInParallel = 1;
				LastSwiftUpdateCheck = 1320;
				LastUpgradeCheck = 1320;
				TargetAttributes = {
					C19A04A627E0E05000426476 = {
						CreatedOnToolsVersion = 13.2.1;
					};
					C19A04B627E0E05400426476 = {
						CreatedOnToolsVersion = 13.2.1;
						TestTargetID = C19A04A627E0E05000426476;
					};
					C19A04C027E0E05400426476 = {
						CreatedOnToolsVersion = 13.2.1;
						TestTargetID = C19A04A627E0E05000426476;
					};
				};
			};
			buildConfigurationList = C19A04A227E0E05000426476 /* Build configuration list for PBXProject "Memorize-Assignment" */;
			compatibilityVersion = "Xcode 13.0";
			developmentRegion = en;
			hasScannedForEncodings = 0;
			knownRegions = (
				en,
				Base,
			);
			mainGroup = C19A049E27E0E05000426476;
			productRefGroup = C19A04A827E0E05000426476 /* Products */;
			projectDirPath = "";
			projectRoot = "";
			targets = (
				C19A04A627E0E05000426476 /* Memorize-Assignment */,
				C19A04B627E0E05400426476 /* Memorize-AssignmentTests */,
				C19A04C027E0E05400426476 /* Memorize-AssignmentUITests */,
			);
		};
/* End PBXProject section */

/* Begin PBXResourcesBuildPhase section */
		C19A04A527E0E05000426476 /* Resources */ = {
			isa = PBXResourcesBuildPhase;
			buildActionMask = 2147483647;
			files = (
				C19A04B227E0E05300426476 /* Preview Assets.xcassets in Resources */,
				C19A04AF27E0E05300426476 /* Assets.xcassets in Resources */,
			);
			runOnlyForDeploymentPostprocessing = 0;
		};
		C19A04B527E0E05400426476 /* Resources */ = {
			isa = PBXResourcesBuildPhase;
			buildActionMask = 2147483647;
			files = (
			);
			runOnlyForDeploymentPostprocessing = 0;
		};
		C19A04BF27E0E05400426476 /* Resources */ = {
			isa = PBXResourcesBuildPhase;
			buildActionMask = 2147483647;
			files = (
			);
			runOnlyForDeploymentPostprocessing = 0;
		};
/* End PBXResourcesBuildPhase section */

/* Begin PBXSourcesBuildPhase section */
		C19A04A327E0E05000426476 /* Sources */ = {
			isa = PBXSourcesBuildPhase;
			buildActionMask = 2147483647;
			files = (
				C19A04AD27E0E05000426476 /* ContentView.swift in Sources */,
				C19A04AB27E0E05000426476 /* Memorize_AssignmentApp.swift in Sources */,
			);
			runOnlyForDeploymentPostprocessing = 0;
		};
		C19A04B327E0E05400426476 /* Sources */ = {
			isa = PBXSourcesBuildPhase;
			buildActionMask = 2147483647;
			files = (
				C19A04BC27E0E05400426476 /* Memorize_AssignmentTests.swift in Sources */,
			);
			runOnlyForDeploymentPostprocessing = 0;
		};
		C19A04BD27E0E05400426476 /* Sources */ = {
			isa = PBXSourcesBuildPhase;
			buildActionMask = 2147483647;
			files = (
				C19A04C627E0E05400426476 /* Memorize_AssignmentUITests.swift in Sources */,
				C19A04C827E0E05400426476 /* Memorize_AssignmentUITestsLaunchTests.swift in Sources */,
			);
			runOnlyForDeploymentPostprocessing = 0;
		};
/* End PBXSourcesBuildPhase section */

/* Begin PBXTargetDependency section */
		C19A04B927E0E05400426476 /* PBXTargetDependency */ = {
			isa = PBXTargetDependency;
			target = C19A04A627E0E05000426476 /* Memorize-Assignment */;
			targetProxy = C19A04B827E0E05400426476 /* PBXContainerItemProxy */;
		};
		C19A04C327E0E05400426476 /* PBXTargetDependency */ = {
			isa = PBXTargetDependency;
			target = C19A04A627E0E05000426476 /* Memorize-Assignment */;
			targetProxy = C19A04C227E0E05400426476 /* PBXContainerItemProxy */;
		};
/* End PBXTargetDependency section */

/* Begin XCBuildConfiguration section */
		C19A04C927E0E05400426476 /* Debug */ = {
			isa = XCBuildConfiguration;
			buildSettings = {
				ALWAYS_SEARCH_USER_PATHS = NO;
				CLANG_ANALYZER_NONNULL = YES;
				CLANG_ANALYZER_NUMBER_OBJECT_CONVERSION = YES_AGGRESSIVE;
				CLANG_CXX_LANGUAGE_STANDARD = "gnu++17";
				CLANG_CXX_LIBRARY = "libc++";
				CLANG_ENABLE_MODULES = YES;
				CLANG_ENABLE_OBJC_ARC = YES;
				CLANG_ENABLE_OBJC_WEAK = YES;
				CLANG_WARN_BLOCK_CAPTURE_AUTORELEASING = YES;
				CLANG_WARN_BOOL_CONVERSION = YES;
				CLANG_WARN_COMMA = YES;
				CLANG_WARN_CONSTANT_CONVERSION = YES;
				CLANG_WARN_DEPRECATED_OBJC_IMPLEMENTATIONS = YES;
				CLANG_WARN_DIRECT_OBJC_ISA_USAGE = YES_ERROR;
				CLANG_WARN_DOCUMENTATION_COMMENTS = YES;
				CLANG_WARN_EMPTY_BODY = YES;
				CLANG_WARN_ENUM_CONVERSION = YES;
				CLANG_WARN_INFINITE_RECURSION = YES;
				CLANG_WARN_INT_CONVERSION = YES;
				CLANG_WARN_NON_LITERAL_NULL_CONVERSION = YES;
				CLANG_WARN_OBJC_IMPLICIT_RETAIN_SELF = YES;
				CLANG_WARN_OBJC_LITERAL_CONVERSION = YES;
				CLANG_WARN_OBJC_ROOT_CLASS = YES_ERROR;
				CLANG_WARN_QUOTED_INCLUDE_IN_FRAMEWORK_HEADER = YES;
				CLANG_WARN_RANGE_LOOP_ANALYSIS = YES;
				CLANG_WARN_STRICT_PROTOTYPES = YES;
				CLANG_WARN_SUSPICIOUS_MOVE = YES;
				CLANG_WARN_UNGUARDED_AVAILABILITY = YES_AGGRESSIVE;
				CLANG_WARN_UNREACHABLE_CODE = YES;
				CLANG_WARN__DUPLICATE_METHOD_MATCH = YES;
				COPY_PHASE_STRIP = NO;
				DEBUG_INFORMATION_FORMAT = dwarf;
				ENABLE_STRICT_OBJC_MSGSEND = YES;
				ENABLE_TESTABILITY = YES;
				GCC_C_LANGUAGE_STANDARD = gnu11;
				GCC_DYNAMIC_NO_PIC = NO;
				GCC_NO_COMMON_BLOCKS = YES;
				GCC_OPTIMIZATION_LEVEL = 0;
				GCC_PREPROCESSOR_DEFINITIONS = (
					"DEBUG=1",
					"$(inherited)",
				);
				GCC_WARN_64_TO_32_BIT_CONVERSION = YES;
				GCC_WARN_ABOUT_RETURN_TYPE = YES_ERROR;
				GCC_WARN_UNDECLARED_SELECTOR = YES;
				GCC_WARN_UNINITIALIZED_AUTOS = YES_AGGRESSIVE;
				GCC_WARN_UNUSED_FUNCTION = YES;
				GCC_WARN_UNUSED_VARIABLE = YES;
				IPHONEOS_DEPLOYMENT_TARGET = 15.2;
				MTL_ENABLE_DEBUG_INFO = INCLUDE_SOURCE;
				MTL_FAST_MATH = YES;
				ONLY_ACTIVE_ARCH = YES;
				SDKROOT = iphoneos;
				SWIFT_ACTIVE_COMPILATION_CONDITIONS = DEBUG;
				SWIFT_OPTIMIZATION_LEVEL = "-Onone";
			};
			name = Debug;
		};
		C19A04CA27E0E05400426476 /* Release */ = {
			isa = XCBuildConfiguration;
			buildSettings = {
				ALWAYS_SEARCH_USER_PATHS = NO;
				CLANG_ANALYZER_NONNULL = YES;
				CLANG_ANALYZER_NUMBER_OBJECT_CONVERSION = YES_AGGRESSIVE;
				CLANG_CXX_LANGUAGE_STANDARD = "gnu++17";
				CLANG_CXX_LIBRARY = "libc++";
				CLANG_ENABLE_MODULES = YES;
				CLANG_ENABLE_OBJC_ARC = YES;
				CLANG_ENABLE_OBJC_WEAK = YES;
				CLANG_WARN_BLOCK_CAPTURE_AUTORELEASING = YES;
				CLANG_WARN_BOOL_CONVERSION = YES;
				CLANG_WARN_COMMA = YES;
				CLANG_WARN_CONSTANT_CONVERSION = YES;
				CLANG_WARN_DEPRECATED_OBJC_IMPLEMENTATIONS = YES;
				CLANG_WARN_DIRECT_OBJC_ISA_USAGE = YES_ERROR;
				CLANG_WARN_DOCUMENTATION_COMMENTS = YES;
				CLANG_WARN_EMPTY_BODY = YES;
				CLANG_WARN_ENUM_CONVERSION = YES;
				CLANG_WARN_INFINITE_RECURSION = YES;
				CLANG_WARN_INT_CONVERSION = YES;
				CLANG_WARN_NON_LITERAL_NULL_CONVERSION = YES;
				CLANG_WARN_OBJC_IMPLICIT_RETAIN_SELF = YES;
				CLANG_WARN_OBJC_LITERAL_CONVERSION = YES;
				CLANG_WARN_OBJC_ROOT_CLASS = YES_ERROR;
				CLANG_WARN_QUOTED_INCLUDE_IN_FRAMEWORK_HEADER = YES;
				CLANG_WARN_RANGE_LOOP_ANALYSIS = YES;
				CLANG_WARN_STRICT_PROTOTYPES = YES;
				CLANG_WARN_SUSPICIOUS_MOVE = YES;
				CLANG_WARN_UNGUARDED_AVAILABILITY = YES_AGGRESSIVE;
				CLANG_WARN_UNREACHABLE_CODE = YES;
				CLANG_WARN__DUPLICATE_METHOD_MATCH = YES;
				COPY_PHASE_STRIP = NO;
				DEBUG_INFORMATION_FORMAT = "dwarf-with-dsym";
				ENABLE_NS_ASSERTIONS = NO;
				ENABLE_STRICT_OBJC_MSGSEND = YES;
				GCC_C_LANGUAGE_STANDARD = gnu11;
				GCC_NO_COMMON_BLOCKS = YES;
				GCC_WARN_64_TO_32_BIT_CONVERSION = YES;
				GCC_WARN_ABOUT_RETURN_TYPE = YES_ERROR;
				GCC_WARN_UNDECLARED_SELECTOR = YES;
				GCC_WARN_UNINITIALIZED_AUTOS = YES_AGGRESSIVE;
				GCC_WARN_UNUSED_FUNCTION = YES;
				GCC_WARN_UNUSED_VARIABLE = YES;
				IPHONEOS_DEPLOYMENT_TARGET = 15.2;
				MTL_ENABLE_DEBUG_INFO = NO;
				MTL_FAST_MATH = YES;
				SDKROOT = iphoneos;
				SWIFT_COMPILATION_MODE = wholemodule;
				SWIFT_OPTIMIZATION_LEVEL = "-O";
				VALIDATE_PRODUCT = YES;
			};
			name = Release;
		};
		C19A04CC27E0E05400426476 /* Debug */ = {
			isa = XCBuildConfiguration;
			buildSettings = {
				ASSETCATALOG_COMPILER_APPICON_NAME = AppIcon;
				ASSETCATALOG_COMPILER_GLOBAL_ACCENT_COLOR_NAME = AccentColor;
				CODE_SIGN_STYLE = Automatic;
				CURRENT_PROJECT_VERSION = 1;
				DEVELOPMENT_ASSET_PATHS = "\"Memorize-Assignment/Preview Content\"";
				DEVELOPMENT_TEAM = 32YCYPPH85;
				ENABLE_PREVIEWS = YES;
				GENERATE_INFOPLIST_FILE = YES;
				INFOPLIST_KEY_UIApplicationSceneManifest_Generation = YES;
				INFOPLIST_KEY_UIApplicationSupportsIndirectInputEvents = YES;
				INFOPLIST_KEY_UILaunchScreen_Generation = YES;
				INFOPLIST_KEY_UISupportedInterfaceOrientations_iPad = "UIInterfaceOrientationPortrait UIInterfaceOrientationPortraitUpsideDown UIInterfaceOrientationLandscapeLeft UIInterfaceOrientationLandscapeRight";
				INFOPLIST_KEY_UISupportedInterfaceOrientations_iPhone = "UIInterfaceOrientationPortrait UIInterfaceOrientationLandscapeLeft UIInterfaceOrientationLandscapeRight";
				LD_RUNPATH_SEARCH_PATHS = (
					"$(inherited)",
					"@executable_path/Frameworks",
				);
				MARKETING_VERSION = 1.0;
				PRODUCT_BUNDLE_IDENTIFIER = "kr.ac.knu.2018117966.Memorize-Assignment";
				PRODUCT_NAME = "$(TARGET_NAME)";
				SWIFT_EMIT_LOC_STRINGS = YES;
				SWIFT_VERSION = 5.0;
				TARGETED_DEVICE_FAMILY = "1,2";
			};
			name = Debug;
		};
		C19A04CD27E0E05400426476 /* Release */ = {
			isa = XCBuildConfiguration;
			buildSettings = {
				ASSETCATALOG_COMPILER_APPICON_NAME = AppIcon;
				ASSETCATALOG_COMPILER_GLOBAL_ACCENT_COLOR_NAME = AccentColor;
				CODE_SIGN_STYLE = Automatic;
				CURRENT_PROJECT_VERSION = 1;
				DEVELOPMENT_ASSET_PATHS = "\"Memorize-Assignment/Preview Content\"";
				DEVELOPMENT_TEAM = 32YCYPPH85;
				ENABLE_PREVIEWS = YES;
				GENERATE_INFOPLIST_FILE = YES;
				INFOPLIST_KEY_UIApplicationSceneManifest_Generation = YES;
				INFOPLIST_KEY_UIApplicationSupportsIndirectInputEvents = YES;
				INFOPLIST_KEY_UILaunchScreen_Generation = YES;
				INFOPLIST_KEY_UISupportedInterfaceOrientations_iPad = "UIInterfaceOrientationPortrait UIInterfaceOrientationPortraitUpsideDown UIInterfaceOrientationLandscapeLeft UIInterfaceOrientationLandscapeRight";
				INFOPLIST_KEY_UISupportedInterfaceOrientations_iPhone = "UIInterfaceOrientationPortrait UIInterfaceOrientationLandscapeLeft UIInterfaceOrientationLandscapeRight";
				LD_RUNPATH_SEARCH_PATHS = (
					"$(inherited)",
					"@executable_path/Frameworks",
				);
				MARKETING_VERSION = 1.0;
				PRODUCT_BUNDLE_IDENTIFIER = "kr.ac.knu.2018117966.Memorize-Assignment";
				PRODUCT_NAME = "$(TARGET_NAME)";
				SWIFT_EMIT_LOC_STRINGS = YES;
				SWIFT_VERSION = 5.0;
				TARGETED_DEVICE_FAMILY = "1,2";
			};
			name = Release;
		};
		C19A04CF27E0E05400426476 /* Debug */ = {
			isa = XCBuildConfiguration;
			buildSettings = {
				ALWAYS_EMBED_SWIFT_STANDARD_LIBRARIES = YES;
				BUNDLE_LOADER = "$(TEST_HOST)";
				CODE_SIGN_STYLE = Automatic;
				CURRENT_PROJECT_VERSION = 1;
				DEVELOPMENT_TEAM = 32YCYPPH85;
				GENERATE_INFOPLIST_FILE = YES;
				IPHONEOS_DEPLOYMENT_TARGET = 15.2;
				MARKETING_VERSION = 1.0;
				PRODUCT_BUNDLE_IDENTIFIER = "kr.ac.knu.2018117966.Memorize-AssignmentTests";
				PRODUCT_NAME = "$(TARGET_NAME)";
				SWIFT_EMIT_LOC_STRINGS = NO;
				SWIFT_VERSION = 5.0;
				TARGETED_DEVICE_FAMILY = "1,2";
				TEST_HOST = "$(BUILT_PRODUCTS_DIR)/Memorize-Assignment.app/Memorize-Assignment";
			};
			name = Debug;
		};
		C19A04D027E0E05400426476 /* Release */ = {
			isa = XCBuildConfiguration;
			buildSettings = {
				ALWAYS_EMBED_SWIFT_STANDARD_LIBRARIES = YES;
				BUNDLE_LOADER = "$(TEST_HOST)";
				CODE_SIGN_STYLE = Automatic;
				CURRENT_PROJECT_VERSION = 1;
				DEVELOPMENT_TEAM = 32YCYPPH85;
				GENERATE_INFOPLIST_FILE = YES;
				IPHONEOS_DEPLOYMENT_TARGET = 15.2;
				MARKETING_VERSION = 1.0;
				PRODUCT_BUNDLE_IDENTIFIER = "kr.ac.knu.2018117966.Memorize-AssignmentTests";
				PRODUCT_NAME = "$(TARGET_NAME)";
				SWIFT_EMIT_LOC_STRINGS = NO;
				SWIFT_VERSION = 5.0;
				TARGETED_DEVICE_FAMILY = "1,2";
				TEST_HOST = "$(BUILT_PRODUCTS_DIR)/Memorize-Assignment.app/Memorize-Assignment";
			};
			name = Release;
		};
		C19A04D227E0E05400426476 /* Debug */ = {
			isa = XCBuildConfiguration;
			buildSettings = {
				ALWAYS_EMBED_SWIFT_STANDARD_LIBRARIES = YES;
				CODE_SIGN_STYLE = Automatic;
				CURRENT_PROJECT_VERSION = 1;
				DEVELOPMENT_TEAM = 32YCYPPH85;
				GENERATE_INFOPLIST_FILE = YES;
				MARKETING_VERSION = 1.0;
				PRODUCT_BUNDLE_IDENTIFIER = "kr.ac.knu.2018117966.Memorize-AssignmentUITests";
				PRODUCT_NAME = "$(TARGET_NAME)";
				SWIFT_EMIT_LOC_STRINGS = NO;
				SWIFT_VERSION = 5.0;
				TARGETED_DEVICE_FAMILY = "1,2";
				TEST_TARGET_NAME = "Memorize-Assignment";
			};
			name = Debug;
		};
		C19A04D327E0E05400426476 /* Release */ = {
			isa = XCBuildConfiguration;
			buildSettings = {
				ALWAYS_EMBED_SWIFT_STANDARD_LIBRARIES = YES;
				CODE_SIGN_STYLE = Automatic;
				CURRENT_PROJECT_VERSION = 1;
				DEVELOPMENT_TEAM = 32YCYPPH85;
				GENERATE_INFOPLIST_FILE = YES;
				MARKETING_VERSION = 1.0;
				PRODUCT_BUNDLE_IDENTIFIER = "kr.ac.knu.2018117966.Memorize-AssignmentUITests";
				PRODUCT_NAME = "$(TARGET_NAME)";
				SWIFT_EMIT_LOC_STRINGS = NO;
				SWIFT_VERSION = 5.0;
				TARGETED_DEVICE_FAMILY = "1,2";
				TEST_TARGET_NAME = "Memorize-Assignment";
			};
			name = Release;
		};
/* End XCBuildConfiguration section */

/* Begin XCConfigurationList section */
		C19A04A227E0E05000426476 /* Build configuration list for PBXProject "Memorize-Assignment" */ = {
			isa = XCConfigurationList;
			buildConfigurations = (
				C19A04C927E0E05400426476 /* Debug */,
				C19A04CA27E0E05400426476 /* Release */,
			);
			defaultConfigurationIsVisible = 0;
			defaultConfigurationName = Release;
		};
		C19A04CB27E0E05400426476 /* Build configuration list for PBXNativeTarget "Memorize-Assignment" */ = {
			isa = XCConfigurationList;
			buildConfigurations = (
				C19A04CC27E0E05400426476 /* Debug */,
				C19A04CD27E0E05400426476 /* Release */,
			);
			defaultConfigurationIsVisible = 0;
			defaultConfigurationName = Release;
		};
		C19A04CE27E0E05400426476 /* Build configuration list for PBXNativeTarget "Memorize-AssignmentTests" */ = {
			isa = XCConfigurationList;
			buildConfigurations = (
				C19A04CF27E0E05400426476 /* Debug */,
				C19A04D027E0E05400426476 /* Release */,
			);
			defaultConfigurationIsVisible = 0;
			defaultConfigurationName = Release;
		};
		C19A04D127E0E05400426476 /* Build configuration list for PBXNativeTarget "Memorize-AssignmentUITests" */ = {
			isa = XCConfigurationList;
			buildConfigurations = (
				C19A04D227E0E05400426476 /* Debug */,
				C19A04D327E0E05400426476 /* Release */,
			);
			defaultConfigurationIsVisible = 0;
			defaultConfigurationName = Release;
		};
/* End XCConfigurationList section */
	};
	rootObject = C19A049F27E0E05000426476 /* Project object */;
}
